{
  "name": "xiaomi",
  "version": "0.1.0",
  "lockfileVersion": 3,
  "requires": true,
  "packages": {
    "": {
      "name": "xiaomi",
      "version": "0.1.0",
      "devDependencies": {
        "@mimusic/plugin-builder": "file:../../plugin-toolchain/packages/plugin-builder",
        "@mimusic/plugin-sdk": "^0.4.3",
        "typescript": "^5.7.0"
      }
    },
    "../../plugin-toolchain/packages/plugin-builder": {
      "name": "@mimusic/plugin-builder",
      "version": "0.4.3",
      "dev": true,
      "license": "Apache-2.0",
      "dependencies": {
        "esbuild": "^0.25.0",
        "glob": "^11.0.0",
        "jszip": "^3.10.0"
      },
      "bin": {
        "mimusic-plugin": "dist/cli.js"
      },
      "devDependencies": {
        "@mimusic/plugin-sdk": "workspace:^",
        "@types/node": "^22.0.0",
        "tsup": "^8.0.0",
        "typescript": "^5.7.0"
      }
    },
    "node_modules/@mimusic/plugin-builder": {
      "resolved": "../../plugin-toolchain/packages/plugin-builder",
      "link": true
    },
    "node_modules/@mimusic/plugin-sdk": {
      "version": "0.4.3",
      "resolved": "https://registry.npmjs.org/@mimusic/plugin-sdk/-/plugin-sdk-0.4.3.tgz",
      "integrity": "sha512-aHBDUPZvWFyHL2OSVbT2tKCkB4gEy2NcThASkOOmBH4vln1uAtEck/S53f2FijAjTssY7n5z36x1oR7iRt94HA==",
      "dev": true,
      "license": "Apache-2.0"
    },
    "node_modules/typescript": {
      "version": "5.9.3",
      "resolved": "https://registry.npmjs.org/typescript/-/typescript-5.9.3.tgz",
      "integrity": "sha512-jl1vZzPDinLr9eUt3J/t7V6FgNEw9QjvBPdysz9KfQDD41fQrC2Y4vKQdiaUpFT4bXlb1RHhLpp8wtm6M5TgSw==",
      "dev": true,
      "license": "Apache-2.0",
      "bin": {
        "tsc": "bin/tsc",
        "tsserver": "bin/tsserver"
      },
      "engines": {
        "node": ">=14.17"
      }
    }
  }
}
